
Microsoft Visual Studio Solution File, Format Version 12.00
# Visual Studio Version 17
VisualStudioVersion = 17.0.31903.59
MinimumVisualStudioVersion = 10.0.40219.1
Project("{2150E333-8FDC-42A3-9474-1A3956D46DE8}") = "Task1", "Task1", "{48A69C39-AB5E-4613-9CAB-93E24D1A3516}"
EndProject
Project("{2150E333-8FDC-42A3-9474-1A3956D46DE8}") = "Tests", "Tests", "{AC6FB30A-B748-4093-907A-5C71636E6890}"
EndProject
Project("{FAE04EC0-301F-11D3-BF4B-00C04F79EFBC}") = "Task1", "Task1\Task1\Task1.csproj", "{66B8D833-F36E-4FDA-ABE1-ED3453047414}"
EndProject
Project("{FAE04EC0-301F-11D3-BF4B-00C04F79EFBC}") = "PracticeTests", "Tests\PracticeTests\PracticeTests.csproj", "{28D48126-9DF6-47B3-8F39-D930DA02953C}"
EndProject
Global
	GlobalSection(SolutionConfigurationPlatforms) = preSolution
		Debug|Any CPU = Debug|Any CPU
		Release|Any CPU = Release|Any CPU
	EndGlobalSection
	GlobalSection(ProjectConfigurationPlatforms) = postSolution
		{66B8D833-F36E-4FDA-ABE1-ED3453047414}.Debug|Any CPU.ActiveCfg = Debug|Any CPU
		{66B8D833-F36E-4FDA-ABE1-ED3453047414}.Debug|Any CPU.Build.0 = Debug|Any CPU
		{66B8D833-F36E-4FDA-ABE1-ED3453047414}.Release|Any CPU.ActiveCfg = Release|Any CPU
		{66B8D833-F36E-4FDA-ABE1-ED3453047414}.Release|Any CPU.Build.0 = Release|Any CPU
		{28D48126-9DF6-47B3-8F39-D930DA02953C}.Debug|Any CPU.ActiveCfg = Debug|Any CPU
		{28D48126-9DF6-47B3-8F39-D930DA02953C}.Debug|Any CPU.Build.0 = Debug|Any CPU
		{28D48126-9DF6-47B3-8F39-D930DA02953C}.Release|Any CPU.ActiveCfg = Release|Any CPU
		{28D48126-9DF6-47B3-8F39-D930DA02953C}.Release|Any CPU.Build.0 = Release|Any CPU
	EndGlobalSection
	GlobalSection(SolutionProperties) = preSolution
		HideSolutionNode = FALSE
	EndGlobalSection
	GlobalSection(NestedProjects) = preSolution
		{66B8D833-F36E-4FDA-ABE1-ED3453047414} = {48A69C39-AB5E-4613-9CAB-93E24D1A3516}
		{28D48126-9DF6-47B3-8F39-D930DA02953C} = {AC6FB30A-B748-4093-907A-5C71636E6890}
	EndGlobalSection
	GlobalSection(ExtensibilityGlobals) = postSolution
		SolutionGuid = {E45194B0-6EB6-40D4-B102-081853F691AD}
	EndGlobalSection
EndGlobal
