
Microsoft Visual Studio Solution File, Format Version 12.00
# Visual Studio Version 17
VisualStudioVersion = 17.0.31903.59
MinimumVisualStudioVersion = 10.0.40219.1
Project("{2150E333-8FDC-42A3-9474-1A3956D46DE8}") = "Tasks", "Tasks", "{48A69C39-AB5E-4613-9CAB-93E24D1A3516}"
EndProject
Project("{2150E333-8FDC-42A3-9474-1A3956D46DE8}") = "Tests", "Tests", "{AC6FB30A-B748-4093-907A-5C71636E6890}"
EndProject
Project("{9A19103F-16F7-4668-BE54-9A1E7A4F7556}") = "PracticeTests", "Tests\PracticeTests\PracticeTests.csproj", "{28D48126-9DF6-47B3-8F39-D930DA02953C}"
EndProject
Project("{2150E333-8FDC-42A3-9474-1A3956D46DE8}") = "Common", "Common", "{E8B9DD88-2BB6-43D2-A27F-5B6F30EB09DD}"
EndProject
Project("{9A19103F-16F7-4668-BE54-9A1E7A4F7556}") = "Common.TasksLibrary", "Common\Common.TasksLibrary\Common.TasksLibrary.csproj", "{4C45A9CC-D9AC-4750-8CDC-1D5145CB0B0D}"
EndProject
Project("{9A19103F-16F7-4668-BE54-9A1E7A4F7556}") = "Tasks.Task1", "Tasks\Tasks.Task1\Tasks.Task1.csproj", "{A4CA7711-A55C-4694-86FF-0F92B9FF58F5}"
EndProject
Project("{FAE04EC0-301F-11D3-BF4B-00C04F79EFBC}") = "Tasks.Task2", "Tasks\Tasks.Task2\Tasks.Task2.csproj", "{B0939A10-7882-4601-A9C9-133736764FBD}"
EndProject
Project("{2150E333-8FDC-42A3-9474-1A3956D46DE8}") = "Tasks.Task3", "Tasks.Task3", "{1A56E1E2-282F-4938-B327-D6A53254692E}"
EndProject
Project("{FAE04EC0-301F-11D3-BF4B-00C04F79EFBC}") = "Tasks.Task3.GameLib", "Tasks\Tasks.Task3\Tasks.Task3.GameLib\Tasks.Task3.GameLib.csproj", "{A2388B4E-980B-4163-AF96-57BCE60404B8}"
EndProject
Project("{FAE04EC0-301F-11D3-BF4B-00C04F79EFBC}") = "Task3.GameLib.Tests", "Tests\Task3.GameLib.Tests\Task3.GameLib.Tests.csproj", "{AD0775C9-0D1F-45DC-ACE1-4148A509C09E}"
EndProject
Global
	GlobalSection(SolutionConfigurationPlatforms) = preSolution
		Debug|Any CPU = Debug|Any CPU
		Release|Any CPU = Release|Any CPU
	EndGlobalSection
	GlobalSection(ProjectConfigurationPlatforms) = postSolution
		{28D48126-9DF6-47B3-8F39-D930DA02953C}.Debug|Any CPU.ActiveCfg = Debug|Any CPU
		{28D48126-9DF6-47B3-8F39-D930DA02953C}.Debug|Any CPU.Build.0 = Debug|Any CPU
		{28D48126-9DF6-47B3-8F39-D930DA02953C}.Release|Any CPU.ActiveCfg = Release|Any CPU
		{28D48126-9DF6-47B3-8F39-D930DA02953C}.Release|Any CPU.Build.0 = Release|Any CPU
		{4C45A9CC-D9AC-4750-8CDC-1D5145CB0B0D}.Debug|Any CPU.ActiveCfg = Debug|Any CPU
		{4C45A9CC-D9AC-4750-8CDC-1D5145CB0B0D}.Debug|Any CPU.Build.0 = Debug|Any CPU
		{4C45A9CC-D9AC-4750-8CDC-1D5145CB0B0D}.Release|Any CPU.ActiveCfg = Release|Any CPU
		{4C45A9CC-D9AC-4750-8CDC-1D5145CB0B0D}.Release|Any CPU.Build.0 = Release|Any CPU
		{A4CA7711-A55C-4694-86FF-0F92B9FF58F5}.Debug|Any CPU.ActiveCfg = Debug|Any CPU
		{A4CA7711-A55C-4694-86FF-0F92B9FF58F5}.Debug|Any CPU.Build.0 = Debug|Any CPU
		{A4CA7711-A55C-4694-86FF-0F92B9FF58F5}.Release|Any CPU.ActiveCfg = Release|Any CPU
		{A4CA7711-A55C-4694-86FF-0F92B9FF58F5}.Release|Any CPU.Build.0 = Release|Any CPU
		{B0939A10-7882-4601-A9C9-133736764FBD}.Debug|Any CPU.ActiveCfg = Debug|Any CPU
		{B0939A10-7882-4601-A9C9-133736764FBD}.Debug|Any CPU.Build.0 = Debug|Any CPU
		{B0939A10-7882-4601-A9C9-133736764FBD}.Release|Any CPU.ActiveCfg = Release|Any CPU
		{B0939A10-7882-4601-A9C9-133736764FBD}.Release|Any CPU.Build.0 = Release|Any CPU
		{A2388B4E-980B-4163-AF96-57BCE60404B8}.Debug|Any CPU.ActiveCfg = Debug|Any CPU
		{A2388B4E-980B-4163-AF96-57BCE60404B8}.Debug|Any CPU.Build.0 = Debug|Any CPU
		{A2388B4E-980B-4163-AF96-57BCE60404B8}.Release|Any CPU.ActiveCfg = Release|Any CPU
		{A2388B4E-980B-4163-AF96-57BCE60404B8}.Release|Any CPU.Build.0 = Release|Any CPU
		{AD0775C9-0D1F-45DC-ACE1-4148A509C09E}.Debug|Any CPU.ActiveCfg = Debug|Any CPU
		{AD0775C9-0D1F-45DC-ACE1-4148A509C09E}.Debug|Any CPU.Build.0 = Debug|Any CPU
		{AD0775C9-0D1F-45DC-ACE1-4148A509C09E}.Release|Any CPU.ActiveCfg = Release|Any CPU
		{AD0775C9-0D1F-45DC-ACE1-4148A509C09E}.Release|Any CPU.Build.0 = Release|Any CPU
	EndGlobalSection
	GlobalSection(SolutionProperties) = preSolution
		HideSolutionNode = FALSE
	EndGlobalSection
	GlobalSection(NestedProjects) = preSolution
		{28D48126-9DF6-47B3-8F39-D930DA02953C} = {AC6FB30A-B748-4093-907A-5C71636E6890}
		{4C45A9CC-D9AC-4750-8CDC-1D5145CB0B0D} = {E8B9DD88-2BB6-43D2-A27F-5B6F30EB09DD}
		{A4CA7711-A55C-4694-86FF-0F92B9FF58F5} = {48A69C39-AB5E-4613-9CAB-93E24D1A3516}
		{B0939A10-7882-4601-A9C9-133736764FBD} = {48A69C39-AB5E-4613-9CAB-93E24D1A3516}
		{1A56E1E2-282F-4938-B327-D6A53254692E} = {48A69C39-AB5E-4613-9CAB-93E24D1A3516}
		{A2388B4E-980B-4163-AF96-57BCE60404B8} = {1A56E1E2-282F-4938-B327-D6A53254692E}
		{AD0775C9-0D1F-45DC-ACE1-4148A509C09E} = {AC6FB30A-B748-4093-907A-5C71636E6890}
	EndGlobalSection
	GlobalSection(ExtensibilityGlobals) = postSolution
		SolutionGuid = {E45194B0-6EB6-40D4-B102-081853F691AD}
	EndGlobalSection
EndGlobal
